
Microsoft Visual Studio Solution File, Format Version 12.00
# Visual Studio Version 17
VisualStudioVersion = 17.10.35004.147
MinimumVisualStudioVersion = 10.0.40219.1
Project("{9A19103F-16F7-4668-BE54-9A1E7A4F7556}") = "Hygie.Front", "Hygie.Front\Hygie.Front.csproj", "{02199219-BC33-47DD-AD0D-2CDB317185B9}"
EndProject
Project("{FAE04EC0-301F-11D3-BF4B-00C04F79EFBC}") = "Hygie.Model", "Hygie.Model\Hygie.Model.csproj", "{EEB92786-0A3E-461B-9A03-CEAB9E3BAB2F}"
EndProject
Project("{FAE04EC0-301F-11D3-BF4B-00C04F79EFBC}") = "Hygie.Back", "Hygie.Back\Hygie.Back.csproj", "{F5CAEB10-9FA8-4338-A240-1E420815038D}"
EndProject
Global
	GlobalSection(SolutionConfigurationPlatforms) = preSolution
		Debug|Any CPU = Debug|Any CPU
		Release|Any CPU = Release|Any CPU
	EndGlobalSection
	GlobalSection(ProjectConfigurationPlatforms) = postSolution
		{02199219-BC33-47DD-AD0D-2CDB317185B9}.Debug|Any CPU.ActiveCfg = Debug|Any CPU
		{02199219-BC33-47DD-AD0D-2CDB317185B9}.Debug|Any CPU.Build.0 = Debug|Any CPU
		{02199219-BC33-47DD-AD0D-2CDB317185B9}.Release|Any CPU.ActiveCfg = Release|Any CPU
		{02199219-BC33-47DD-AD0D-2CDB317185B9}.Release|Any CPU.Build.0 = Release|Any CPU
		{EEB92786-0A3E-461B-9A03-CEAB9E3BAB2F}.Debug|Any CPU.ActiveCfg = Debug|Any CPU
		{EEB92786-0A3E-461B-9A03-CEAB9E3BAB2F}.Debug|Any CPU.Build.0 = Debug|Any CPU
		{EEB92786-0A3E-461B-9A03-CEAB9E3BAB2F}.Release|Any CPU.ActiveCfg = Release|Any CPU
		{EEB92786-0A3E-461B-9A03-CEAB9E3BAB2F}.Release|Any CPU.Build.0 = Release|Any CPU
		{F5CAEB10-9FA8-4338-A240-1E420815038D}.Debug|Any CPU.ActiveCfg = Debug|Any CPU
		{F5CAEB10-9FA8-4338-A240-1E420815038D}.Debug|Any CPU.Build.0 = Debug|Any CPU
		{F5CAEB10-9FA8-4338-A240-1E420815038D}.Release|Any CPU.ActiveCfg = Release|Any CPU
		{F5CAEB10-9FA8-4338-A240-1E420815038D}.Release|Any CPU.Build.0 = Release|Any CPU
	EndGlobalSection
	GlobalSection(SolutionProperties) = preSolution
		HideSolutionNode = FALSE
	EndGlobalSection
	GlobalSection(ExtensibilityGlobals) = postSolution
		SolutionGuid = {21F2C3FD-7824-433D-BDD7-EFB679A1F9CE}
	EndGlobalSection
EndGlobal
